
Microsoft Visual Studio Solution File, Format Version 12.00
# Visual Studio Version 17
VisualStudioVersion = 17.13.35818.85 d17.13
MinimumVisualStudioVersion = 10.0.40219.1
Project("{FAE04EC0-301F-11D3-BF4B-00C04F79EFBC}") = "CodeCollaborationWebApp", "CodeCollaborationWebApp\CodeCollaborationWebApp.csproj", "{5759C7D1-F635-471B-9429-E6A6FF7013BE}"
EndProject
Global
	GlobalSection(SolutionConfigurationPlatforms) = preSolution
		Debug|Any CPU = Debug|Any CPU
		Release|Any CPU = Release|Any CPU
	EndGlobalSection
	GlobalSection(ProjectConfigurationPlatforms) = postSolution
		{5759C7D1-F635-471B-9429-E6A6FF7013BE}.Debug|Any CPU.ActiveCfg = Debug|Any CPU
		{5759C7D1-F635-471B-9429-E6A6FF7013BE}.Debug|Any CPU.Build.0 = Debug|Any CPU
		{5759C7D1-F635-471B-9429-E6A6FF7013BE}.Release|Any CPU.ActiveCfg = Release|Any CPU
		{5759C7D1-F635-471B-9429-E6A6FF7013BE}.Release|Any CPU.Build.0 = Release|Any CPU
	EndGlobalSection
	GlobalSection(SolutionProperties) = preSolution
		HideSolutionNode = FALSE
	EndGlobalSection
	GlobalSection(ExtensibilityGlobals) = postSolution
		SolutionGuid = {4516B382-A1DC-4AB0-A65F-5E9100247565}
	EndGlobalSection
EndGlobal
